
Microsoft Visual Studio Solution File, Format Version 12.00
# Visual Studio 2013
VisualStudioVersion = 12.0.31101.0
MinimumVisualStudioVersion = 10.0.40219.1
Project("{2150E333-8FDC-42A3-9474-1A3956D46DE8}") = ".nuget", ".nuget", "{8892A735-5B19-49BA-A529-72B8B6C12B10}"
	ProjectSection(SolutionItems) = preProject
		.nuget\packages.config = .nuget\packages.config
	EndProjectSection
EndProject
Project("{FAE04EC0-301F-11D3-BF4B-00C04F79EFBC}") = "ITI.WorthIT.GUI", "ITI.WorthIT.GUI\ITI.WorthIT.GUI.csproj", "{F0DCE75C-6C06-4DC3-A23E-24D80330175C}"
EndProject
Project("{FAE04EC0-301F-11D3-BF4B-00C04F79EFBC}") = "ObjectListView2012", "..\..\ObjectListViewFull-2.8.1\ObjectListViewDemo\ObjectListView\ObjectListView2012.csproj", "{18FEDA0C-D147-4286-B39A-01204808106A}"
EndProject
Project("{FAE04EC0-301F-11D3-BF4B-00C04F79EFBC}") = "WorthITV2", "WorthITV2\WorthITV2.csproj", "{4343B3ED-6127-44FA-BEF1-ED2CD40B1FBB}"
EndProject
Project("{FAE04EC0-301F-11D3-BF4B-00C04F79EFBC}") = "WorhtITV2.Test", "WorhtITV2.Test\WorhtITV2.Test.csproj", "{0F9FBF1F-D947-4350-85FF-730D25D70061}"
EndProject
Global
	GlobalSection(SolutionConfigurationPlatforms) = preSolution
		Debug|Any CPU = Debug|Any CPU
		Release|Any CPU = Release|Any CPU
	EndGlobalSection
	GlobalSection(ProjectConfigurationPlatforms) = postSolution
		{F0DCE75C-6C06-4DC3-A23E-24D80330175C}.Debug|Any CPU.ActiveCfg = Debug|Any CPU
		{F0DCE75C-6C06-4DC3-A23E-24D80330175C}.Debug|Any CPU.Build.0 = Debug|Any CPU
		{F0DCE75C-6C06-4DC3-A23E-24D80330175C}.Release|Any CPU.ActiveCfg = Release|Any CPU
		{F0DCE75C-6C06-4DC3-A23E-24D80330175C}.Release|Any CPU.Build.0 = Release|Any CPU
		{18FEDA0C-D147-4286-B39A-01204808106A}.Debug|Any CPU.ActiveCfg = Debug|Any CPU
		{18FEDA0C-D147-4286-B39A-01204808106A}.Debug|Any CPU.Build.0 = Debug|Any CPU
		{18FEDA0C-D147-4286-B39A-01204808106A}.Release|Any CPU.ActiveCfg = Release|Any CPU
		{18FEDA0C-D147-4286-B39A-01204808106A}.Release|Any CPU.Build.0 = Release|Any CPU
		{4343B3ED-6127-44FA-BEF1-ED2CD40B1FBB}.Debug|Any CPU.ActiveCfg = Debug|Any CPU
		{4343B3ED-6127-44FA-BEF1-ED2CD40B1FBB}.Debug|Any CPU.Build.0 = Debug|Any CPU
		{4343B3ED-6127-44FA-BEF1-ED2CD40B1FBB}.Release|Any CPU.ActiveCfg = Release|Any CPU
		{4343B3ED-6127-44FA-BEF1-ED2CD40B1FBB}.Release|Any CPU.Build.0 = Release|Any CPU
		{0F9FBF1F-D947-4350-85FF-730D25D70061}.Debug|Any CPU.ActiveCfg = Debug|Any CPU
		{0F9FBF1F-D947-4350-85FF-730D25D70061}.Debug|Any CPU.Build.0 = Debug|Any CPU
		{0F9FBF1F-D947-4350-85FF-730D25D70061}.Release|Any CPU.ActiveCfg = Release|Any CPU
		{0F9FBF1F-D947-4350-85FF-730D25D70061}.Release|Any CPU.Build.0 = Release|Any CPU
	EndGlobalSection
	GlobalSection(SolutionProperties) = preSolution
		HideSolutionNode = FALSE
	EndGlobalSection
EndGlobal
